
Microsoft Visual Studio Solution File, Format Version 12.00
# Visual Studio Version 16
VisualStudioVersion = 16.0.30406.217
MinimumVisualStudioVersion = 10.0.40219.1
Project("{FAE04EC0-301F-11D3-BF4B-00C04F79EFBC}") = "RedditIsBad", "RedditIsBad\RedditIsBad.csproj", "{1371F66A-9014-4E4C-AD1F-576A18A0FE90}"
EndProject
Global
	GlobalSection(SolutionConfigurationPlatforms) = preSolution
		Debug|Any CPU = Debug|Any CPU
		Release|Any CPU = Release|Any CPU
	EndGlobalSection
	GlobalSection(ProjectConfigurationPlatforms) = postSolution
		{1371F66A-9014-4E4C-AD1F-576A18A0FE90}.Debug|Any CPU.ActiveCfg = Debug|Any CPU
		{1371F66A-9014-4E4C-AD1F-576A18A0FE90}.Debug|Any CPU.Build.0 = Debug|Any CPU
		{1371F66A-9014-4E4C-AD1F-576A18A0FE90}.Release|Any CPU.ActiveCfg = Release|Any CPU
		{1371F66A-9014-4E4C-AD1F-576A18A0FE90}.Release|Any CPU.Build.0 = Release|Any CPU
	EndGlobalSection
	GlobalSection(SolutionProperties) = preSolution
		HideSolutionNode = FALSE
	EndGlobalSection
	GlobalSection(ExtensibilityGlobals) = postSolution
		SolutionGuid = {11057E33-15B4-4029-9562-2150B1DD1050}
	EndGlobalSection
EndGlobal
